
Microsoft Visual Studio Solution File, Format Version 12.00
# Visual Studio Version 17
VisualStudioVersion = 17.11.35303.130
MinimumVisualStudioVersion = 10.0.40219.1
Project("{FAE04EC0-301F-11D3-BF4B-00C04F79EFBC}") = "UpdateProjectVersion", "UpdateProjectVersion\UpdateProjectVersion.csproj", "{845D71EC-E2DA-4D0C-87AD-BE4CA18E8038}"
EndProject
Global
	GlobalSection(SolutionConfigurationPlatforms) = preSolution
		Debug|Any CPU = Debug|Any CPU
		Release|Any CPU = Release|Any CPU
	EndGlobalSection
	GlobalSection(ProjectConfigurationPlatforms) = postSolution
		{845D71EC-E2DA-4D0C-87AD-BE4CA18E8038}.Debug|Any CPU.ActiveCfg = Debug|Any CPU
		{845D71EC-E2DA-4D0C-87AD-BE4CA18E8038}.Debug|Any CPU.Build.0 = Debug|Any CPU
		{845D71EC-E2DA-4D0C-87AD-BE4CA18E8038}.Release|Any CPU.ActiveCfg = Release|Any CPU
		{845D71EC-E2DA-4D0C-87AD-BE4CA18E8038}.Release|Any CPU.Build.0 = Release|Any CPU
	EndGlobalSection
	GlobalSection(SolutionProperties) = preSolution
		HideSolutionNode = FALSE
	EndGlobalSection
	GlobalSection(ExtensibilityGlobals) = postSolution
		SolutionGuid = {676849F4-E1B1-42AD-907F-B37963E91572}
	EndGlobalSection
EndGlobal
